
Microsoft Visual Studio Solution File, Format Version 12.00
# Visual Studio 15
VisualStudioVersion = 15.0.28010.2046
MinimumVisualStudioVersion = 10.0.40219.1
Project("{FAE04EC0-301F-11D3-BF4B-00C04F79EFBC}") = "UnitConverter", "UnitConverter.csproj", "{F9FDC17A-56E8-4591-8A3A-B06DB582B263}"
EndProject
Global
	GlobalSection(SolutionConfigurationPlatforms) = preSolution
		Debug|Any CPU = Debug|Any CPU
		Release|Any CPU = Release|Any CPU
	EndGlobalSection
	GlobalSection(ProjectConfigurationPlatforms) = postSolution
		{F9FDC17A-56E8-4591-8A3A-B06DB582B263}.Debug|Any CPU.ActiveCfg = Debug|Any CPU
		{F9FDC17A-56E8-4591-8A3A-B06DB582B263}.Debug|Any CPU.Build.0 = Debug|Any CPU
		{F9FDC17A-56E8-4591-8A3A-B06DB582B263}.Release|Any CPU.ActiveCfg = Release|Any CPU
		{F9FDC17A-56E8-4591-8A3A-B06DB582B263}.Release|Any CPU.Build.0 = Release|Any CPU
	EndGlobalSection
	GlobalSection(SolutionProperties) = preSolution
		HideSolutionNode = FALSE
	EndGlobalSection
	GlobalSection(ExtensibilityGlobals) = postSolution
		SolutionGuid = {D98EB33B-4401-4304-B6BA-916AD6AF423A}
	EndGlobalSection
EndGlobal
