
Microsoft Visual Studio Solution File, Format Version 12.00
# Visual Studio 15
VisualStudioVersion = 15.0.28010.2046
MinimumVisualStudioVersion = 10.0.40219.1
Project("{FAE04EC0-301F-11D3-BF4B-00C04F79EFBC}") = "AllMyShapes", "AllMyShapes.csproj", "{D944B986-B576-41FF-8EEC-5324EA42E446}"
EndProject
Global
	GlobalSection(SolutionConfigurationPlatforms) = preSolution
		Debug|Any CPU = Debug|Any CPU
		Release|Any CPU = Release|Any CPU
	EndGlobalSection
	GlobalSection(ProjectConfigurationPlatforms) = postSolution
		{D944B986-B576-41FF-8EEC-5324EA42E446}.Debug|Any CPU.ActiveCfg = Debug|Any CPU
		{D944B986-B576-41FF-8EEC-5324EA42E446}.Debug|Any CPU.Build.0 = Debug|Any CPU
		{D944B986-B576-41FF-8EEC-5324EA42E446}.Release|Any CPU.ActiveCfg = Release|Any CPU
		{D944B986-B576-41FF-8EEC-5324EA42E446}.Release|Any CPU.Build.0 = Release|Any CPU
	EndGlobalSection
	GlobalSection(SolutionProperties) = preSolution
		HideSolutionNode = FALSE
	EndGlobalSection
	GlobalSection(ExtensibilityGlobals) = postSolution
		SolutionGuid = {9B8D6A3C-05EC-4F45-BE82-0A604832B912}
	EndGlobalSection
EndGlobal
